
Microsoft Visual Studio Solution File, Format Version 12.00
# Visual Studio Version 16
VisualStudioVersion = 16.0.29324.140
MinimumVisualStudioVersion = 10.0.40219.1
Project("{FAE04EC0-301F-11D3-BF4B-00C04F79EFBC}") = "Ifthenpay", "Ifthenpay\Ifthenpay.csproj", "{4E014AFD-3856-4255-8913-18EC57AE1989}"
EndProject
Project("{FAE04EC0-301F-11D3-BF4B-00C04F79EFBC}") = "Ifthenpay.Tests", "Ifthenpay.Tests\Ifthenpay.Tests.csproj", "{2AB11594-A4D3-493E-B0CF-D0DD934006EF}"
EndProject
Project("{2150E333-8FDC-42A3-9474-1A3956D46DE8}") = "Docs", "Docs", "{F84497C8-07CC-4412-8D4B-5FD6B1866BED}"
	ProjectSection(SolutionItems) = preProject
		..\README.md = ..\README.md
	EndProjectSection
EndProject
Project("{FAE04EC0-301F-11D3-BF4B-00C04F79EFBC}") = "Ifthenpay.Core", "Ifthenpay.Core\Ifthenpay.Core.csproj", "{2D3791C8-348B-4ACF-ADBB-6E7BD4750DA2}"
EndProject
Global
	GlobalSection(SolutionConfigurationPlatforms) = preSolution
		Debug|Any CPU = Debug|Any CPU
		Release|Any CPU = Release|Any CPU
	EndGlobalSection
	GlobalSection(ProjectConfigurationPlatforms) = postSolution
		{4E014AFD-3856-4255-8913-18EC57AE1989}.Debug|Any CPU.ActiveCfg = Debug|Any CPU
		{4E014AFD-3856-4255-8913-18EC57AE1989}.Debug|Any CPU.Build.0 = Debug|Any CPU
		{4E014AFD-3856-4255-8913-18EC57AE1989}.Release|Any CPU.ActiveCfg = Release|Any CPU
		{4E014AFD-3856-4255-8913-18EC57AE1989}.Release|Any CPU.Build.0 = Release|Any CPU
		{2AB11594-A4D3-493E-B0CF-D0DD934006EF}.Debug|Any CPU.ActiveCfg = Debug|Any CPU
		{2AB11594-A4D3-493E-B0CF-D0DD934006EF}.Debug|Any CPU.Build.0 = Debug|Any CPU
		{2AB11594-A4D3-493E-B0CF-D0DD934006EF}.Release|Any CPU.ActiveCfg = Release|Any CPU
		{2AB11594-A4D3-493E-B0CF-D0DD934006EF}.Release|Any CPU.Build.0 = Release|Any CPU
		{2D3791C8-348B-4ACF-ADBB-6E7BD4750DA2}.Debug|Any CPU.ActiveCfg = Debug|Any CPU
		{2D3791C8-348B-4ACF-ADBB-6E7BD4750DA2}.Debug|Any CPU.Build.0 = Debug|Any CPU
		{2D3791C8-348B-4ACF-ADBB-6E7BD4750DA2}.Release|Any CPU.ActiveCfg = Release|Any CPU
		{2D3791C8-348B-4ACF-ADBB-6E7BD4750DA2}.Release|Any CPU.Build.0 = Release|Any CPU
	EndGlobalSection
	GlobalSection(SolutionProperties) = preSolution
		HideSolutionNode = FALSE
	EndGlobalSection
	GlobalSection(ExtensibilityGlobals) = postSolution
		SolutionGuid = {FC30587A-D5CB-4BFA-897B-6F092DC7A32A}
	EndGlobalSection
EndGlobal
